// !$*UTF8*$!
{
	archiveVersion = 1;
	classes = {
	};
	objectVersion = 46;
	objects = {

/* Begin PBXBuildFile section */
		839825F015E78D70002E01DE /* UIKit.framework in Frameworks */ = {isa = PBXBuildFile; fileRef = 839825EF15E78D70002E01DE /* UIKit.framework */; };
		839825F215E78D70002E01DE /* Foundation.framework in Frameworks */ = {isa = PBXBuildFile; fileRef = 839825F115E78D70002E01DE /* Foundation.framework */; };
		839825F415E78D70002E01DE /* CoreGraphics.framework in Frameworks */ = {isa = PBXBuildFile; fileRef = 839825F315E78D70002E01DE /* CoreGraphics.framework */; };
		839825FA15E78D70002E01DE /* InfoPlist.strings in Resources */ = {isa = PBXBuildFile; fileRef = 839825F815E78D70002E01DE /* InfoPlist.strings */; };
		839825FC15E78D70002E01DE /* main.m in Sources */ = {isa = PBXBuildFile; fileRef = 839825FB15E78D70002E01DE /* main.m */; };
		8398260015E78D70002E01DE /* AZAppDelegate.m in Sources */ = {isa = PBXBuildFile; fileRef = 839825FF15E78D70002E01DE /* AZAppDelegate.m */; };
		8398260315E78D70002E01DE /* AZViewController.m in Sources */ = {isa = PBXBuildFile; fileRef = 8398260215E78D70002E01DE /* AZViewController.m */; };
		8398260615E78D70002E01DE /* AZViewController.xib in Resources */ = {isa = PBXBuildFile; fileRef = 8398260415E78D70002E01DE /* AZViewController.xib */; };
		8398260D15E78DF2002E01DE /* IMG_1623.JPG in Resources */ = {isa = PBXBuildFile; fileRef = 8398260C15E78DF2002E01DE /* IMG_1623.JPG */; };
		8398261015E78F91002E01DE /* AZGenieView.m in Sources */ = {isa = PBXBuildFile; fileRef = 8398260F15E78F91002E01DE /* AZGenieView.m */; };
/* End PBXBuildFile section */

/* Begin PBXFileReference section */
		839825EB15E78D70002E01DE /* GenieTest.app */ = {isa = PBXFileReference; explicitFileType = wrapper.application; includeInIndex = 0; path = GenieTest.app; sourceTree = BUILT_PRODUCTS_DIR; };
		839825EF15E78D70002E01DE /* UIKit.framework */ = {isa = PBXFileReference; lastKnownFileType = wrapper.framework; name = UIKit.framework; path = System/Library/Frameworks/UIKit.framework; sourceTree = SDKROOT; };
		839825F115E78D70002E01DE /* Foundation.framework */ = {isa = PBXFileReference; lastKnownFileType = wrapper.framework; name = Foundation.framework; path = System/Library/Frameworks/Foundation.framework; sourceTree = SDKROOT; };
		839825F315E78D70002E01DE /* CoreGraphics.framework */ = {isa = PBXFileReference; lastKnownFileType = wrapper.framework; name = CoreGraphics.framework; path = System/Library/Frameworks/CoreGraphics.framework; sourceTree = SDKROOT; };
		839825F715E78D70002E01DE /* GenieTest-Info.plist */ = {isa = PBXFileReference; lastKnownFileType = text.plist.xml; path = "GenieTest-Info.plist"; sourceTree = "<group>"; };
		839825F915E78D70002E01DE /* en */ = {isa = PBXFileReference; lastKnownFileType = text.plist.strings; name = en; path = en.lproj/InfoPlist.strings; sourceTree = "<group>"; };
		839825FB15E78D70002E01DE /* main.m */ = {isa = PBXFileReference; lastKnownFileType = sourcecode.c.objc; path = main.m; sourceTree = "<group>"; };
		839825FD15E78D70002E01DE /* GenieTest-Prefix.pch */ = {isa = PBXFileReference; lastKnownFileType = sourcecode.c.h; path = "GenieTest-Prefix.pch"; sourceTree = "<group>"; };
		839825FE15E78D70002E01DE /* AZAppDelegate.h */ = {isa = PBXFileReference; lastKnownFileType = sourcecode.c.h; path = AZAppDelegate.h; sourceTree = "<group>"; };
		839825FF15E78D70002E01DE /* AZAppDelegate.m */ = {isa = PBXFileReference; lastKnownFileType = sourcecode.c.objc; path = AZAppDelegate.m; sourceTree = "<group>"; };
		8398260115E78D70002E01DE /* AZViewController.h */ = {isa = PBXFileReference; lastKnownFileType = sourcecode.c.h; path = AZViewController.h; sourceTree = "<group>"; };
		8398260215E78D70002E01DE /* AZViewController.m */ = {isa = PBXFileReference; lastKnownFileType = sourcecode.c.objc; path = AZViewController.m; sourceTree = "<group>"; };
		8398260515E78D70002E01DE /* en */ = {isa = PBXFileReference; lastKnownFileType = file.xib; name = en; path = en.lproj/AZViewController.xib; sourceTree = "<group>"; };
		8398260C15E78DF2002E01DE /* IMG_1623.JPG */ = {isa = PBXFileReference; lastKnownFileType = image.jpeg; path = IMG_1623.JPG; sourceTree = "<group>"; };
		8398260E15E78F91002E01DE /* AZGenieView.h */ = {isa = PBXFileReference; fileEncoding = 4; lastKnownFileType = sourcecode.c.h; name = AZGenieView.h; path = ../AZGenieView.h; sourceTree = "<group>"; };
		8398260F15E78F91002E01DE /* AZGenieView.m */ = {isa = PBXFileReference; fileEncoding = 4; lastKnownFileType = sourcecode.c.objc; name = AZGenieView.m; path = ../AZGenieView.m; sourceTree = "<group>"; };
/* End PBXFileReference section */

/* Begin PBXFrameworksBuildPhase section */
		839825E815E78D70002E01DE /* Frameworks */ = {
			isa = PBXFrameworksBuildPhase;
			buildActionMask = 2147483647;
			files = (
				839825F015E78D70002E01DE /* UIKit.framework in Frameworks */,
				839825F215E78D70002E01DE /* Foundation.framework in Frameworks */,
				839825F415E78D70002E01DE /* CoreGraphics.framework in Frameworks */,
			);
			runOnlyForDeploymentPostprocessing = 0;
		};
/* End PBXFrameworksBuildPhase section */

/* Begin PBXGroup section */
		839825E015E78D70002E01DE = {
			isa = PBXGroup;
			children = (
				839825F515E78D70002E01DE /* GenieTest */,
				839825EE15E78D70002E01DE /* Frameworks */,
				839825EC15E78D70002E01DE /* Products */,
			);
			sourceTree = "<group>";
		};
		839825EC15E78D70002E01DE /* Products */ = {
			isa = PBXGroup;
			children = (
				839825EB15E78D70002E01DE /* GenieTest.app */,
			);
			name = Products;
			sourceTree = "<group>";
		};
		839825EE15E78D70002E01DE /* Frameworks */ = {
			isa = PBXGroup;
			children = (
				839825EF15E78D70002E01DE /* UIKit.framework */,
				839825F115E78D70002E01DE /* Foundation.framework */,
				839825F315E78D70002E01DE /* CoreGraphics.framework */,
			);
			name = Frameworks;
			sourceTree = "<group>";
		};
		839825F515E78D70002E01DE /* GenieTest */ = {
			isa = PBXGroup;
			children = (
				8398260E15E78F91002E01DE /* AZGenieView.h */,
				8398260F15E78F91002E01DE /* AZGenieView.m */,
				839825FE15E78D70002E01DE /* AZAppDelegate.h */,
				839825FF15E78D70002E01DE /* AZAppDelegate.m */,
				8398260115E78D70002E01DE /* AZViewController.h */,
				8398260215E78D70002E01DE /* AZViewController.m */,
				8398260415E78D70002E01DE /* AZViewController.xib */,
				8398260C15E78DF2002E01DE /* IMG_1623.JPG */,
				839825F615E78D70002E01DE /* Supporting Files */,
			);
			path = GenieTest;
			sourceTree = "<group>";
		};
		839825F615E78D70002E01DE /* Supporting Files */ = {
			isa = PBXGroup;
			children = (
				839825F715E78D70002E01DE /* GenieTest-Info.plist */,
				839825F815E78D70002E01DE /* InfoPlist.strings */,
				839825FB15E78D70002E01DE /* main.m */,
				839825FD15E78D70002E01DE /* GenieTest-Prefix.pch */,
			);
			name = "Supporting Files";
			sourceTree = "<group>";
		};
/* End PBXGroup section */

/* Begin PBXNativeTarget section */
		839825EA15E78D70002E01DE /* GenieTest */ = {
			isa = PBXNativeTarget;
			buildConfigurationList = 8398260915E78D70002E01DE /* Build configuration list for PBXNativeTarget "GenieTest" */;
			buildPhases = (
				839825E715E78D70002E01DE /* Sources */,
				839825E815E78D70002E01DE /* Frameworks */,
				839825E915E78D70002E01DE /* Resources */,
			);
			buildRules = (
			);
			dependencies = (
			);
			name = GenieTest;
			productName = GenieTest;
			productReference = 839825EB15E78D70002E01DE /* GenieTest.app */;
			productType = "com.apple.product-type.application";
		};
/* End PBXNativeTarget section */

/* Begin PBXProject section */
		839825E215E78D70002E01DE /* Project object */ = {
			isa = PBXProject;
			attributes = {
				CLASSPREFIX = AZ;
				LastUpgradeCheck = 0440;
				ORGANIZATIONNAME = AuroraPlanet;
			};
			buildConfigurationList = 839825E515E78D70002E01DE /* Build configuration list for PBXProject "GenieTest" */;
			compatibilityVersion = "Xcode 3.2";
			developmentRegion = English;
			hasScannedForEncodings = 0;
			knownRegions = (
				en,
			);
			mainGroup = 839825E015E78D70002E01DE;
			productRefGroup = 839825EC15E78D70002E01DE /* Products */;
			projectDirPath = "";
			projectRoot = "";
			targets = (
				839825EA15E78D70002E01DE /* GenieTest */,
			);
		};
/* End PBXProject section */

/* Begin PBXResourcesBuildPhase section */
		839825E915E78D70002E01DE /* Resources */ = {
			isa = PBXResourcesBuildPhase;
			buildActionMask = 2147483647;
			files = (
				839825FA15E78D70002E01DE /* InfoPlist.strings in Resources */,
				8398260615E78D70002E01DE /* AZViewController.xib in Resources */,
				8398260D15E78DF2002E01DE /* IMG_1623.JPG in Resources */,
			);
			runOnlyForDeploymentPostprocessing = 0;
		};
/* End PBXResourcesBuildPhase section */

/* Begin PBXSourcesBuildPhase section */
		839825E715E78D70002E01DE /* Sources */ = {
			isa = PBXSourcesBuildPhase;
			buildActionMask = 2147483647;
			files = (
				839825FC15E78D70002E01DE /* main.m in Sources */,
				8398260015E78D70002E01DE /* AZAppDelegate.m in Sources */,
				8398260315E78D70002E01DE /* AZViewController.m in Sources */,
				8398261015E78F91002E01DE /* AZGenieView.m in Sources */,
			);
			runOnlyForDeploymentPostprocessing = 0;
		};
/* End PBXSourcesBuildPhase section */

/* Begin PBXVariantGroup section */
		839825F815E78D70002E01DE /* InfoPlist.strings */ = {
			isa = PBXVariantGroup;
			children = (
				839825F915E78D70002E01DE /* en */,
			);
			name = InfoPlist.strings;
			sourceTree = "<group>";
		};
		8398260415E78D70002E01DE /* AZViewController.xib */ = {
			isa = PBXVariantGroup;
			children = (
				8398260515E78D70002E01DE /* en */,
			);
			name = AZViewController.xib;
			sourceTree = "<group>";
		};
/* End PBXVariantGroup section */

/* Begin XCBuildConfiguration section */
		8398260715E78D70002E01DE /* Debug */ = {
			isa = XCBuildConfiguration;
			buildSettings = {
				ALWAYS_SEARCH_USER_PATHS = NO;
				ARCHS = "$(ARCHS_STANDARD_32_BIT)";
				CLANG_CXX_LANGUAGE_STANDARD = "gnu++0x";
				CLANG_ENABLE_OBJC_ARC = YES;
				CLANG_WARN__DUPLICATE_METHOD_MATCH = YES;
				"CODE_SIGN_IDENTITY[sdk=iphoneos*]" = "iPhone Developer";
				COPY_PHASE_STRIP = NO;
				GCC_C_LANGUAGE_STANDARD = gnu99;
				GCC_DYNAMIC_NO_PIC = NO;
				GCC_OPTIMIZATION_LEVEL = 0;
				GCC_PREPROCESSOR_DEFINITIONS = (
					"DEBUG=1",
					"$(inherited)",
				);
				GCC_SYMBOLS_PRIVATE_EXTERN = NO;
				GCC_VERSION = com.apple.compilers.llvm.clang.1_0;
				GCC_WARN_ABOUT_RETURN_TYPE = YES;
				GCC_WARN_UNINITIALIZED_AUTOS = YES;
				GCC_WARN_UNUSED_VARIABLE = YES;
				IPHONEOS_DEPLOYMENT_TARGET = 5.1;
				SDKROOT = iphoneos;
			};
			name = Debug;
		};
		8398260815E78D70002E01DE /* Release */ = {
			isa = XCBuildConfiguration;
			buildSettings = {
				ALWAYS_SEARCH_USER_PATHS = NO;
				ARCHS = "$(ARCHS_STANDARD_32_BIT)";
				CLANG_CXX_LANGUAGE_STANDARD = "gnu++0x";
				CLANG_ENABLE_OBJC_ARC = YES;
				CLANG_WARN__DUPLICATE_METHOD_MATCH = YES;
				"CODE_SIGN_IDENTITY[sdk=iphoneos*]" = "iPhone Developer";
				COPY_PHASE_STRIP = YES;
				GCC_C_LANGUAGE_STANDARD = gnu99;
				GCC_VERSION = com.apple.compilers.llvm.clang.1_0;
				GCC_WARN_ABOUT_RETURN_TYPE = YES;
				GCC_WARN_UNINITIALIZED_AUTOS = YES;
				GCC_WARN_UNUSED_VARIABLE = YES;
				IPHONEOS_DEPLOYMENT_TARGET = 5.1;
				OTHER_CFLAGS = "-DNS_BLOCK_ASSERTIONS=1";
				SDKROOT = iphoneos;
				VALIDATE_PRODUCT = YES;
			};
			name = Release;
		};
		8398260A15E78D70002E01DE /* Debug */ = {
			isa = XCBuildConfiguration;
			buildSettings = {
				GCC_PRECOMPILE_PREFIX_HEADER = YES;
				GCC_PREFIX_HEADER = "GenieTest/GenieTest-Prefix.pch";
				INFOPLIST_FILE = "GenieTest/GenieTest-Info.plist";
				PRODUCT_NAME = "$(TARGET_NAME)";
				WRAPPER_EXTENSION = app;
			};
			name = Debug;
		};
		8398260B15E78D70002E01DE /* Release */ = {
			isa = XCBuildConfiguration;
			buildSettings = {
				GCC_PRECOMPILE_PREFIX_HEADER = YES;
				GCC_PREFIX_HEADER = "GenieTest/GenieTest-Prefix.pch";
				INFOPLIST_FILE = "GenieTest/GenieTest-Info.plist";
				PRODUCT_NAME = "$(TARGET_NAME)";
				WRAPPER_EXTENSION = app;
			};
			name = Release;
		};
/* End XCBuildConfiguration section */

/* Begin XCConfigurationList section */
		839825E515E78D70002E01DE /* Build configuration list for PBXProject "GenieTest" */ = {
			isa = XCConfigurationList;
			buildConfigurations = (
				8398260715E78D70002E01DE /* Debug */,
				8398260815E78D70002E01DE /* Release */,
			);
			defaultConfigurationIsVisible = 0;
			defaultConfigurationName = Release;
		};
		8398260915E78D70002E01DE /* Build configuration list for PBXNativeTarget "GenieTest" */ = {
			isa = XCConfigurationList;
			buildConfigurations = (
				8398260A15E78D70002E01DE /* Debug */,
				8398260B15E78D70002E01DE /* Release */,
			);
			defaultConfigurationIsVisible = 0;
		};
/* End XCConfigurationList section */
	};
	rootObject = 839825E215E78D70002E01DE /* Project object */;
}
